// !$*UTF8*$!
{
	archiveVersion = 1;
	classes = {
	};
	objectVersion = 50;
	objects = {

/* Begin PBXBuildFile section */
		9B37E557236BA27C001CF4B9 /* AppDelegate.swift in Sources */ = {isa = PBXBuildFile; fileRef = 9B37E556236BA27C001CF4B9 /* AppDelegate.swift */; };
		9B37E559236BA27C001CF4B9 /* ViewController.swift in Sources */ = {isa = PBXBuildFile; fileRef = 9B37E558236BA27C001CF4B9 /* ViewController.swift */; };
		9B37E55C236BA27C001CF4B9 /* Main.storyboard in Resources */ = {isa = PBXBuildFile; fileRef = 9B37E55A236BA27C001CF4B9 /* Main.storyboard */; };
		9B37E55E236BA27C001CF4B9 /* Assets.xcassets in Resources */ = {isa = PBXBuildFile; fileRef = 9B37E55D236BA27C001CF4B9 /* Assets.xcassets */; };
		9B37E561236BA27C001CF4B9 /* LaunchScreen.storyboard in Resources */ = {isa = PBXBuildFile; fileRef = 9B37E55F236BA27C001CF4B9 /* LaunchScreen.storyboard */; };
		9B37E56C236BA27C001CF4B9 /* StoryTests.swift in Sources */ = {isa = PBXBuildFile; fileRef = 9B37E56B236BA27C001CF4B9 /* StoryTests.swift */; };
		9B37E577236BA27C001CF4B9 /* StoryUITests.swift in Sources */ = {isa = PBXBuildFile; fileRef = 9B37E576236BA27C001CF4B9 /* StoryUITests.swift */; };
/* End PBXBuildFile section */

/* Begin PBXContainerItemProxy section */
		9B37E568236BA27C001CF4B9 /* PBXContainerItemProxy */ = {
			isa = PBXContainerItemProxy;
			containerPortal = 9B37E54B236BA27C001CF4B9 /* Project object */;
			proxyType = 1;
			remoteGlobalIDString = 9B37E552236BA27C001CF4B9;
			remoteInfo = Story;
		};
		9B37E573236BA27C001CF4B9 /* PBXContainerItemProxy */ = {
			isa = PBXContainerItemProxy;
			containerPortal = 9B37E54B236BA27C001CF4B9 /* Project object */;
			proxyType = 1;
			remoteGlobalIDString = 9B37E552236BA27C001CF4B9;
			remoteInfo = Story;
		};
/* End PBXContainerItemProxy section */

/* Begin PBXFileReference section */
		9B37E553236BA27C001CF4B9 /* Story.app */ = {isa = PBXFileReference; explicitFileType = wrapper.application; includeInIndex = 0; path = Story.app; sourceTree = BUILT_PRODUCTS_DIR; };
		9B37E556236BA27C001CF4B9 /* AppDelegate.swift */ = {isa = PBXFileReference; lastKnownFileType = sourcecode.swift; path = AppDelegate.swift; sourceTree = "<group>"; };
		9B37E558236BA27C001CF4B9 /* ViewController.swift */ = {isa = PBXFileReference; lastKnownFileType = sourcecode.swift; path = ViewController.swift; sourceTree = "<group>"; };
		9B37E55B236BA27C001CF4B9 /* Base */ = {isa = PBXFileReference; lastKnownFileType = file.storyboard; name = Base; path = Base.lproj/Main.storyboard; sourceTree = "<group>"; };
		9B37E55D236BA27C001CF4B9 /* Assets.xcassets */ = {isa = PBXFileReference; lastKnownFileType = folder.assetcatalog; path = Assets.xcassets; sourceTree = "<group>"; };
		9B37E560236BA27C001CF4B9 /* Base */ = {isa = PBXFileReference; lastKnownFileType = file.storyboard; name = Base; path = Base.lproj/LaunchScreen.storyboard; sourceTree = "<group>"; };
		9B37E562236BA27C001CF4B9 /* Info.plist */ = {isa = PBXFileReference; lastKnownFileType = text.plist.xml; path = Info.plist; sourceTree = "<group>"; };
		9B37E567236BA27C001CF4B9 /* StoryTests.xctest */ = {isa = PBXFileReference; explicitFileType = wrapper.cfbundle; includeInIndex = 0; path = StoryTests.xctest; sourceTree = BUILT_PRODUCTS_DIR; };
		9B37E56B236BA27C001CF4B9 /* StoryTests.swift */ = {isa = PBXFileReference; lastKnownFileType = sourcecode.swift; path = StoryTests.swift; sourceTree = "<group>"; };
		9B37E56D236BA27C001CF4B9 /* Info.plist */ = {isa = PBXFileReference; lastKnownFileType = text.plist.xml; path = Info.plist; sourceTree = "<group>"; };
		9B37E572236BA27C001CF4B9 /* StoryUITests.xctest */ = {isa = PBXFileReference; explicitFileType = wrapper.cfbundle; includeInIndex = 0; path = StoryUITests.xctest; sourceTree = BUILT_PRODUCTS_DIR; };
		9B37E576236BA27C001CF4B9 /* StoryUITests.swift */ = {isa = PBXFileReference; lastKnownFileType = sourcecode.swift; path = StoryUITests.swift; sourceTree = "<group>"; };
		9B37E578236BA27C001CF4B9 /* Info.plist */ = {isa = PBXFileReference; lastKnownFileType = text.plist.xml; path = Info.plist; sourceTree = "<group>"; };
/* End PBXFileReference section */

/* Begin PBXFrameworksBuildPhase section */
		9B37E550236BA27C001CF4B9 /* Frameworks */ = {
			isa = PBXFrameworksBuildPhase;
			buildActionMask = 2147483647;
			files = (
			);
			runOnlyForDeploymentPostprocessing = 0;
		};
		9B37E564236BA27C001CF4B9 /* Frameworks */ = {
			isa = PBXFrameworksBuildPhase;
			buildActionMask = 2147483647;
			files = (
			);
			runOnlyForDeploymentPostprocessing = 0;
		};
		9B37E56F236BA27C001CF4B9 /* Frameworks */ = {
			isa = PBXFrameworksBuildPhase;
			buildActionMask = 2147483647;
			files = (
			);
			runOnlyForDeploymentPostprocessing = 0;
		};
/* End PBXFrameworksBuildPhase section */

/* Begin PBXGroup section */
		9B37E54A236BA27C001CF4B9 = {
			isa = PBXGroup;
			children = (
				9B37E555236BA27C001CF4B9 /* Story */,
				9B37E56A236BA27C001CF4B9 /* StoryTests */,
				9B37E575236BA27C001CF4B9 /* StoryUITests */,
				9B37E554236BA27C001CF4B9 /* Products */,
			);
			sourceTree = "<group>";
		};
		9B37E554236BA27C001CF4B9 /* Products */ = {
			isa = PBXGroup;
			children = (
				9B37E553236BA27C001CF4B9 /* Story.app */,
				9B37E567236BA27C001CF4B9 /* StoryTests.xctest */,
				9B37E572236BA27C001CF4B9 /* StoryUITests.xctest */,
			);
			name = Products;
			sourceTree = "<group>";
		};
		9B37E555236BA27C001CF4B9 /* Story */ = {
			isa = PBXGroup;
			children = (
				9B37E556236BA27C001CF4B9 /* AppDelegate.swift */,
				9B37E558236BA27C001CF4B9 /* ViewController.swift */,
				9B37E55A236BA27C001CF4B9 /* Main.storyboard */,
				9B37E55D236BA27C001CF4B9 /* Assets.xcassets */,
				9B37E55F236BA27C001CF4B9 /* LaunchScreen.storyboard */,
				9B37E562236BA27C001CF4B9 /* Info.plist */,
			);
			path = Story;
			sourceTree = "<group>";
		};
		9B37E56A236BA27C001CF4B9 /* StoryTests */ = {
			isa = PBXGroup;
			children = (
				9B37E56B236BA27C001CF4B9 /* StoryTests.swift */,
				9B37E56D236BA27C001CF4B9 /* Info.plist */,
			);
			path = StoryTests;
			sourceTree = "<group>";
		};
		9B37E575236BA27C001CF4B9 /* StoryUITests */ = {
			isa = PBXGroup;
			children = (
				9B37E576236BA27C001CF4B9 /* StoryUITests.swift */,
				9B37E578236BA27C001CF4B9 /* Info.plist */,
			);
			path = StoryUITests;
			sourceTree = "<group>";
		};
/* End PBXGroup section */

/* Begin PBXNativeTarget section */
		9B37E552236BA27C001CF4B9 /* Story */ = {
			isa = PBXNativeTarget;
			buildConfigurationList = 9B37E57B236BA27C001CF4B9 /* Build configuration list for PBXNativeTarget "Story" */;
			buildPhases = (
				9B37E54F236BA27C001CF4B9 /* Sources */,
				9B37E550236BA27C001CF4B9 /* Frameworks */,
				9B37E551236BA27C001CF4B9 /* Resources */,
			);
			buildRules = (
			);
			dependencies = (
			);
			name = Story;
			productName = Story;
			productReference = 9B37E553236BA27C001CF4B9 /* Story.app */;
			productType = "com.apple.product-type.application";
		};
		9B37E566236BA27C001CF4B9 /* StoryTests */ = {
			isa = PBXNativeTarget;
			buildConfigurationList = 9B37E57E236BA27C001CF4B9 /* Build configuration list for PBXNativeTarget "StoryTests" */;
			buildPhases = (
				9B37E563236BA27C001CF4B9 /* Sources */,
				9B37E564236BA27C001CF4B9 /* Frameworks */,
				9B37E565236BA27C001CF4B9 /* Resources */,
			);
			buildRules = (
			);
			dependencies = (
				9B37E569236BA27C001CF4B9 /* PBXTargetDependency */,
			);
			name = StoryTests;
			productName = StoryTests;
			productReference = 9B37E567236BA27C001CF4B9 /* StoryTests.xctest */;
			productType = "com.apple.product-type.bundle.unit-test";
		};
		9B37E571236BA27C001CF4B9 /* StoryUITests */ = {
			isa = PBXNativeTarget;
			buildConfigurationList = 9B37E581236BA27C001CF4B9 /* Build configuration list for PBXNativeTarget "StoryUITests" */;
			buildPhases = (
				9B37E56E236BA27C001CF4B9 /* Sources */,
				9B37E56F236BA27C001CF4B9 /* Frameworks */,
				9B37E570236BA27C001CF4B9 /* Resources */,
			);
			buildRules = (
			);
			dependencies = (
				9B37E574236BA27C001CF4B9 /* PBXTargetDependency */,
			);
			name = StoryUITests;
			productName = StoryUITests;
			productReference = 9B37E572236BA27C001CF4B9 /* StoryUITests.xctest */;
			productType = "com.apple.product-type.bundle.ui-testing";
		};
/* End PBXNativeTarget section */

/* Begin PBXProject section */
		9B37E54B236BA27C001CF4B9 /* Project object */ = {
			isa = PBXProject;
			attributes = {
				LastSwiftUpdateCheck = 1030;
				LastUpgradeCheck = 1030;
				ORGANIZATIONNAME = MacStudent;
				TargetAttributes = {
					9B37E552236BA27C001CF4B9 = {
						CreatedOnToolsVersion = 10.3;
					};
					9B37E566236BA27C001CF4B9 = {
						CreatedOnToolsVersion = 10.3;
						TestTargetID = 9B37E552236BA27C001CF4B9;
					};
					9B37E571236BA27C001CF4B9 = {
						CreatedOnToolsVersion = 10.3;
						TestTargetID = 9B37E552236BA27C001CF4B9;
					};
				};
			};
			buildConfigurationList = 9B37E54E236BA27C001CF4B9 /* Build configuration list for PBXProject "Story" */;
			compatibilityVersion = "Xcode 9.3";
			developmentRegion = en;
			hasScannedForEncodings = 0;
			knownRegions = (
				en,
				Base,
			);
			mainGroup = 9B37E54A236BA27C001CF4B9;
			productRefGroup = 9B37E554236BA27C001CF4B9 /* Products */;
			projectDirPath = "";
			projectRoot = "";
			targets = (
				9B37E552236BA27C001CF4B9 /* Story */,
				9B37E566236BA27C001CF4B9 /* StoryTests */,
				9B37E571236BA27C001CF4B9 /* StoryUITests */,
			);
		};
/* End PBXProject section */

/* Begin PBXResourcesBuildPhase section */
		9B37E551236BA27C001CF4B9 /* Resources */ = {
			isa = PBXResourcesBuildPhase;
			buildActionMask = 2147483647;
			files = (
				9B37E561236BA27C001CF4B9 /* LaunchScreen.storyboard in Resources */,
				9B37E55E236BA27C001CF4B9 /* Assets.xcassets in Resources */,
				9B37E55C236BA27C001CF4B9 /* Main.storyboard in Resources */,
			);
			runOnlyForDeploymentPostprocessing = 0;
		};
		9B37E565236BA27C001CF4B9 /* Resources */ = {
			isa = PBXResourcesBuildPhase;
			buildActionMask = 2147483647;
			files = (
			);
			runOnlyForDeploymentPostprocessing = 0;
		};
		9B37E570236BA27C001CF4B9 /* Resources */ = {
			isa = PBXResourcesBuildPhase;
			buildActionMask = 2147483647;
			files = (
			);
			runOnlyForDeploymentPostprocessing = 0;
		};
/* End PBXResourcesBuildPhase section */

/* Begin PBXSourcesBuildPhase section */
		9B37E54F236BA27C001CF4B9 /* Sources */ = {
			isa = PBXSourcesBuildPhase;
			buildActionMask = 2147483647;
			files = (
				9B37E559236BA27C001CF4B9 /* ViewController.swift in Sources */,
				9B37E557236BA27C001CF4B9 /* AppDelegate.swift in Sources */,
			);
			runOnlyForDeploymentPostprocessing = 0;
		};
		9B37E563236BA27C001CF4B9 /* Sources */ = {
			isa = PBXSourcesBuildPhase;
			buildActionMask = 2147483647;
			files = (
				9B37E56C236BA27C001CF4B9 /* StoryTests.swift in Sources */,
			);
			runOnlyForDeploymentPostprocessing = 0;
		};
		9B37E56E236BA27C001CF4B9 /* Sources */ = {
			isa = PBXSourcesBuildPhase;
			buildActionMask = 2147483647;
			files = (
				9B37E577236BA27C001CF4B9 /* StoryUITests.swift in Sources */,
			);
			runOnlyForDeploymentPostprocessing = 0;
		};
/* End PBXSourcesBuildPhase section */

/* Begin PBXTargetDependency section */
		9B37E569236BA27C001CF4B9 /* PBXTargetDependency */ = {
			isa = PBXTargetDependency;
			target = 9B37E552236BA27C001CF4B9 /* Story */;
			targetProxy = 9B37E568236BA27C001CF4B9 /* PBXContainerItemProxy */;
		};
		9B37E574236BA27C001CF4B9 /* PBXTargetDependency */ = {
			isa = PBXTargetDependency;
			target = 9B37E552236BA27C001CF4B9 /* Story */;
			targetProxy = 9B37E573236BA27C001CF4B9 /* PBXContainerItemProxy */;
		};
/* End PBXTargetDependency section */

/* Begin PBXVariantGroup section */
		9B37E55A236BA27C001CF4B9 /* Main.storyboard */ = {
			isa = PBXVariantGroup;
			children = (
				9B37E55B236BA27C001CF4B9 /* Base */,
			);
			name = Main.storyboard;
			sourceTree = "<group>";
		};
		9B37E55F236BA27C001CF4B9 /* LaunchScreen.storyboard */ = {
			isa = PBXVariantGroup;
			children = (
				9B37E560236BA27C001CF4B9 /* Base */,
			);
			name = LaunchScreen.storyboard;
			sourceTree = "<group>";
		};
/* End PBXVariantGroup section */

/* Begin XCBuildConfiguration section */
		9B37E579236BA27C001CF4B9 /* Debug */ = {
			isa = XCBuildConfiguration;
			buildSettings = {
				ALWAYS_SEARCH_USER_PATHS = NO;
				CLANG_ANALYZER_NONNULL = YES;
				CLANG_ANALYZER_NUMBER_OBJECT_CONVERSION = YES_AGGRESSIVE;
				CLANG_CXX_LANGUAGE_STANDARD = "gnu++14";
				CLANG_CXX_LIBRARY = "libc++";
				CLANG_ENABLE_MODULES = YES;
				CLANG_ENABLE_OBJC_ARC = YES;
				CLANG_ENABLE_OBJC_WEAK = YES;
				CLANG_WARN_BLOCK_CAPTURE_AUTORELEASING = YES;
				CLANG_WARN_BOOL_CONVERSION = YES;
				CLANG_WARN_COMMA = YES;
				CLANG_WARN_CONSTANT_CONVERSION = YES;
				CLANG_WARN_DEPRECATED_OBJC_IMPLEMENTATIONS = YES;
				CLANG_WARN_DIRECT_OBJC_ISA_USAGE = YES_ERROR;
				CLANG_WARN_DOCUMENTATION_COMMENTS = YES;
				CLANG_WARN_EMPTY_BODY = YES;
				CLANG_WARN_ENUM_CONVERSION = YES;
				CLANG_WARN_INFINITE_RECURSION = YES;
				CLANG_WARN_INT_CONVERSION = YES;
				CLANG_WARN_NON_LITERAL_NULL_CONVERSION = YES;
				CLANG_WARN_OBJC_IMPLICIT_RETAIN_SELF = YES;
				CLANG_WARN_OBJC_LITERAL_CONVERSION = YES;
				CLANG_WARN_OBJC_ROOT_CLASS = YES_ERROR;
				CLANG_WARN_RANGE_LOOP_ANALYSIS = YES;
				CLANG_WARN_STRICT_PROTOTYPES = YES;
				CLANG_WARN_SUSPICIOUS_MOVE = YES;
				CLANG_WARN_UNGUARDED_AVAILABILITY = YES_AGGRESSIVE;
				CLANG_WARN_UNREACHABLE_CODE = YES;
				CLANG_WARN__DUPLICATE_METHOD_MATCH = YES;
				CODE_SIGN_IDENTITY = "iPhone Developer";
				COPY_PHASE_STRIP = NO;
				DEBUG_INFORMATION_FORMAT = dwarf;
				ENABLE_STRICT_OBJC_MSGSEND = YES;
				ENABLE_TESTABILITY = YES;
				GCC_C_LANGUAGE_STANDARD = gnu11;
				GCC_DYNAMIC_NO_PIC = NO;
				GCC_NO_COMMON_BLOCKS = YES;
				GCC_OPTIMIZATION_LEVEL = 0;
				GCC_PREPROCESSOR_DEFINITIONS = (
					"DEBUG=1",
					"$(inherited)",
				);
				GCC_WARN_64_TO_32_BIT_CONVERSION = YES;
				GCC_WARN_ABOUT_RETURN_TYPE = YES_ERROR;
				GCC_WARN_UNDECLARED_SELECTOR = YES;
				GCC_WARN_UNINITIALIZED_AUTOS = YES_AGGRESSIVE;
				GCC_WARN_UNUSED_FUNCTION = YES;
				GCC_WARN_UNUSED_VARIABLE = YES;
				IPHONEOS_DEPLOYMENT_TARGET = 12.4;
				MTL_ENABLE_DEBUG_INFO = INCLUDE_SOURCE;
				MTL_FAST_MATH = YES;
				ONLY_ACTIVE_ARCH = YES;
				SDKROOT = iphoneos;
				SWIFT_ACTIVE_COMPILATION_CONDITIONS = DEBUG;
				SWIFT_OPTIMIZATION_LEVEL = "-Onone";
			};
			name = Debug;
		};
		9B37E57A236BA27C001CF4B9 /* Release */ = {
			isa = XCBuildConfiguration;
			buildSettings = {
				ALWAYS_SEARCH_USER_PATHS = NO;
				CLANG_ANALYZER_NONNULL = YES;
				CLANG_ANALYZER_NUMBER_OBJECT_CONVERSION = YES_AGGRESSIVE;
				CLANG_CXX_LANGUAGE_STANDARD = "gnu++14";
				CLANG_CXX_LIBRARY = "libc++";
				CLANG_ENABLE_MODULES = YES;
				CLANG_ENABLE_OBJC_ARC = YES;
				CLANG_ENABLE_OBJC_WEAK = YES;
				CLANG_WARN_BLOCK_CAPTURE_AUTORELEASING = YES;
				CLANG_WARN_BOOL_CONVERSION = YES;
				CLANG_WARN_COMMA = YES;
				CLANG_WARN_CONSTANT_CONVERSION = YES;
				CLANG_WARN_DEPRECATED_OBJC_IMPLEMENTATIONS = YES;
				CLANG_WARN_DIRECT_OBJC_ISA_USAGE = YES_ERROR;
				CLANG_WARN_DOCUMENTATION_COMMENTS = YES;
				CLANG_WARN_EMPTY_BODY = YES;
				CLANG_WARN_ENUM_CONVERSION = YES;
				CLANG_WARN_INFINITE_RECURSION = YES;
				CLANG_WARN_INT_CONVERSION = YES;
				CLANG_WARN_NON_LITERAL_NULL_CONVERSION = YES;
				CLANG_WARN_OBJC_IMPLICIT_RETAIN_SELF = YES;
				CLANG_WARN_OBJC_LITERAL_CONVERSION = YES;
				CLANG_WARN_OBJC_ROOT_CLASS = YES_ERROR;
				CLANG_WARN_RANGE_LOOP_ANALYSIS = YES;
				CLANG_WARN_STRICT_PROTOTYPES = YES;
				CLANG_WARN_SUSPICIOUS_MOVE = YES;
				CLANG_WARN_UNGUARDED_AVAILABILITY = YES_AGGRESSIVE;
				CLANG_WARN_UNREACHABLE_CODE = YES;
				CLANG_WARN__DUPLICATE_METHOD_MATCH = YES;
				CODE_SIGN_IDENTITY = "iPhone Developer";
				COPY_PHASE_STRIP = NO;
				DEBUG_INFORMATION_FORMAT = "dwarf-with-dsym";
				ENABLE_NS_ASSERTIONS = NO;
				ENABLE_STRICT_OBJC_MSGSEND = YES;
				GCC_C_LANGUAGE_STANDARD = gnu11;
				GCC_NO_COMMON_BLOCKS = YES;
				GCC_WARN_64_TO_32_BIT_CONVERSION = YES;
				GCC_WARN_ABOUT_RETURN_TYPE = YES_ERROR;
				GCC_WARN_UNDECLARED_SELECTOR = YES;
				GCC_WARN_UNINITIALIZED_AUTOS = YES_AGGRESSIVE;
				GCC_WARN_UNUSED_FUNCTION = YES;
				GCC_WARN_UNUSED_VARIABLE = YES;
				IPHONEOS_DEPLOYMENT_TARGET = 12.4;
				MTL_ENABLE_DEBUG_INFO = NO;
				MTL_FAST_MATH = YES;
				SDKROOT = iphoneos;
				SWIFT_COMPILATION_MODE = wholemodule;
				SWIFT_OPTIMIZATION_LEVEL = "-O";
				VALIDATE_PRODUCT = YES;
			};
			name = Release;
		};
		9B37E57C236BA27C001CF4B9 /* Debug */ = {
			isa = XCBuildConfiguration;
			buildSettings = {
				ASSETCATALOG_COMPILER_APPICON_NAME = AppIcon;
				CODE_SIGN_STYLE = Automatic;
				INFOPLIST_FILE = Story/Info.plist;
				LD_RUNPATH_SEARCH_PATHS = (
					"$(inherited)",
					"@executable_path/Frameworks",
				);
				PRODUCT_BUNDLE_IDENTIFIER = CestarCollege.Story;
				PRODUCT_NAME = "$(TARGET_NAME)";
				SWIFT_VERSION = 5.0;
				TARGETED_DEVICE_FAMILY = "1,2";
			};
			name = Debug;
		};
		9B37E57D236BA27C001CF4B9 /* Release */ = {
			isa = XCBuildConfiguration;
			buildSettings = {
				ASSETCATALOG_COMPILER_APPICON_NAME = AppIcon;
				CODE_SIGN_STYLE = Automatic;
				INFOPLIST_FILE = Story/Info.plist;
				LD_RUNPATH_SEARCH_PATHS = (
					"$(inherited)",
					"@executable_path/Frameworks",
				);
				PRODUCT_BUNDLE_IDENTIFIER = CestarCollege.Story;
				PRODUCT_NAME = "$(TARGET_NAME)";
				SWIFT_VERSION = 5.0;
				TARGETED_DEVICE_FAMILY = "1,2";
			};
			name = Release;
		};
		9B37E57F236BA27C001CF4B9 /* Debug */ = {
			isa = XCBuildConfiguration;
			buildSettings = {
				ALWAYS_EMBED_SWIFT_STANDARD_LIBRARIES = YES;
				BUNDLE_LOADER = "$(TEST_HOST)";
				CODE_SIGN_STYLE = Automatic;
				INFOPLIST_FILE = StoryTests/Info.plist;
				LD_RUNPATH_SEARCH_PATHS = (
					"$(inherited)",
					"@executable_path/Frameworks",
					"@loader_path/Frameworks",
				);
				PRODUCT_BUNDLE_IDENTIFIER = CestarCollege.StoryTests;
				PRODUCT_NAME = "$(TARGET_NAME)";
				SWIFT_VERSION = 5.0;
				TARGETED_DEVICE_FAMILY = "1,2";
				TEST_HOST = "$(BUILT_PRODUCTS_DIR)/Story.app/Story";
			};
			name = Debug;
		};
		9B37E580236BA27C001CF4B9 /* Release */ = {
			isa = XCBuildConfiguration;
			buildSettings = {
				ALWAYS_EMBED_SWIFT_STANDARD_LIBRARIES = YES;
				BUNDLE_LOADER = "$(TEST_HOST)";
				CODE_SIGN_STYLE = Automatic;
				INFOPLIST_FILE = StoryTests/Info.plist;
				LD_RUNPATH_SEARCH_PATHS = (
					"$(inherited)",
					"@executable_path/Frameworks",
					"@loader_path/Frameworks",
				);
				PRODUCT_BUNDLE_IDENTIFIER = CestarCollege.StoryTests;
				PRODUCT_NAME = "$(TARGET_NAME)";
				SWIFT_VERSION = 5.0;
				TARGETED_DEVICE_FAMILY = "1,2";
				TEST_HOST = "$(BUILT_PRODUCTS_DIR)/Story.app/Story";
			};
			name = Release;
		};
		9B37E582236BA27C001CF4B9 /* Debug */ = {
			isa = XCBuildConfiguration;
			buildSettings = {
				ALWAYS_EMBED_SWIFT_STANDARD_LIBRARIES = YES;
				CODE_SIGN_STYLE = Automatic;
				INFOPLIST_FILE = StoryUITests/Info.plist;
				LD_RUNPATH_SEARCH_PATHS = (
					"$(inherited)",
					"@executable_path/Frameworks",
					"@loader_path/Frameworks",
				);
				PRODUCT_BUNDLE_IDENTIFIER = CestarCollege.StoryUITests;
				PRODUCT_NAME = "$(TARGET_NAME)";
				SWIFT_VERSION = 5.0;
				TARGETED_DEVICE_FAMILY = "1,2";
				TEST_TARGET_NAME = Story;
			};
			name = Debug;
		};
		9B37E583236BA27C001CF4B9 /* Release */ = {
			isa = XCBuildConfiguration;
			buildSettings = {
				ALWAYS_EMBED_SWIFT_STANDARD_LIBRARIES = YES;
				CODE_SIGN_STYLE = Automatic;
				INFOPLIST_FILE = StoryUITests/Info.plist;
				LD_RUNPATH_SEARCH_PATHS = (
					"$(inherited)",
					"@executable_path/Frameworks",
					"@loader_path/Frameworks",
				);
				PRODUCT_BUNDLE_IDENTIFIER = CestarCollege.StoryUITests;
				PRODUCT_NAME = "$(TARGET_NAME)";
				SWIFT_VERSION = 5.0;
				TARGETED_DEVICE_FAMILY = "1,2";
				TEST_TARGET_NAME = Story;
			};
			name = Release;
		};
/* End XCBuildConfiguration section */

/* Begin XCConfigurationList section */
		9B37E54E236BA27C001CF4B9 /* Build configuration list for PBXProject "Story" */ = {
			isa = XCConfigurationList;
			buildConfigurations = (
				9B37E579236BA27C001CF4B9 /* Debug */,
				9B37E57A236BA27C001CF4B9 /* Release */,
			);
			defaultConfigurationIsVisible = 0;
			defaultConfigurationName = Release;
		};
		9B37E57B236BA27C001CF4B9 /* Build configuration list for PBXNativeTarget "Story" */ = {
			isa = XCConfigurationList;
			buildConfigurations = (
				9B37E57C236BA27C001CF4B9 /* Debug */,
				9B37E57D236BA27C001CF4B9 /* Release */,
			);
			defaultConfigurationIsVisible = 0;
			defaultConfigurationName = Release;
		};
		9B37E57E236BA27C001CF4B9 /* Build configuration list for PBXNativeTarget "StoryTests" */ = {
			isa = XCConfigurationList;
			buildConfigurations = (
				9B37E57F236BA27C001CF4B9 /* Debug */,
				9B37E580236BA27C001CF4B9 /* Release */,
			);
			defaultConfigurationIsVisible = 0;
			defaultConfigurationName = Release;
		};
		9B37E581236BA27C001CF4B9 /* Build configuration list for PBXNativeTarget "StoryUITests" */ = {
			isa = XCConfigurationList;
			buildConfigurations = (
				9B37E582236BA27C001CF4B9 /* Debug */,
				9B37E583236BA27C001CF4B9 /* Release */,
			);
			defaultConfigurationIsVisible = 0;
			defaultConfigurationName = Release;
		};
/* End XCConfigurationList section */
	};
	rootObject = 9B37E54B236BA27C001CF4B9 /* Project object */;
}
